
Microsoft Visual Studio Solution File, Format Version 12.00
# Visual Studio Version 16
VisualStudioVersion = 16.0.30717.126
MinimumVisualStudioVersion = 10.0.40219.1
Project("{9A19103F-16F7-4668-BE54-9A1E7A4F7556}") = "mvc1", "mvc1.csproj", "{3821D179-DEA6-4C76-AC3B-270141EC705E}"
EndProject
Global
	GlobalSection(SolutionConfigurationPlatforms) = preSolution
		Debug|Any CPU = Debug|Any CPU
		Release|Any CPU = Release|Any CPU
	EndGlobalSection
	GlobalSection(ProjectConfigurationPlatforms) = postSolution
		{3821D179-DEA6-4C76-AC3B-270141EC705E}.Debug|Any CPU.ActiveCfg = Debug|Any CPU
		{3821D179-DEA6-4C76-AC3B-270141EC705E}.Debug|Any CPU.Build.0 = Debug|Any CPU
		{3821D179-DEA6-4C76-AC3B-270141EC705E}.Release|Any CPU.ActiveCfg = Release|Any CPU
		{3821D179-DEA6-4C76-AC3B-270141EC705E}.Release|Any CPU.Build.0 = Release|Any CPU
	EndGlobalSection
	GlobalSection(SolutionProperties) = preSolution
		HideSolutionNode = FALSE
	EndGlobalSection
	GlobalSection(ExtensibilityGlobals) = postSolution
		SolutionGuid = {E43EACFF-9038-476D-B26C-7B7C7CCBB651}
	EndGlobalSection
EndGlobal
